
Microsoft Visual Studio Solution File, Format Version 12.00
# Visual Studio Version 17
VisualStudioVersion = 17.0.31903.59
MinimumVisualStudioVersion = 10.0.40219.1
Project("{2150E333-8FDC-42A3-9474-1A3956D46DE8}") = "src", "src", "{827E0CD3-B72D-47B6-A68D-7590B98EB39B}"
EndProject
Project("{FAE04EC0-301F-11D3-BF4B-00C04F79EFBC}") = "SixOsTL.Domain", "src\SixOsTL.Domain\SixOsTL.Domain.csproj", "{78164373-A2ED-452B-AE3E-6965981392A0}"
EndProject
Project("{FAE04EC0-301F-11D3-BF4B-00C04F79EFBC}") = "SixOsTL.Application", "src\SixOsTL.Application\SixOsTL.Application.csproj", "{E077AABB-E4DA-4894-99AD-373C132BDA58}"
EndProject
Project("{FAE04EC0-301F-11D3-BF4B-00C04F79EFBC}") = "SixOsTL.Infrastructure", "src\SixOsTL.Infrastructure\SixOsTL.Infrastructure.csproj", "{581E7FB4-9BB0-4A9A-B7F4-1C1F62409E9D}"
EndProject
Project("{FAE04EC0-301F-11D3-BF4B-00C04F79EFBC}") = "SixOsTL.MVC", "src\SixOsTL.MVC\SixOsTL.MVC.csproj", "{D7D8D48B-0E60-459C-8E8C-E1F6778E684F}"
EndProject
Project("{2150E333-8FDC-42A3-9474-1A3956D46DE8}") = "tests", "tests", "{0AB3BF05-4346-4AA6-1389-037BE0695223}"
EndProject
Project("{FAE04EC0-301F-11D3-BF4B-00C04F79EFBC}") = "SixOsTL.UnitTests", "tests\SixOsTL.UnitTests\SixOsTL.UnitTests.csproj", "{389F73F6-E5D1-4366-99F2-AEAE2F202B77}"
EndProject
Project("{FAE04EC0-301F-11D3-BF4B-00C04F79EFBC}") = "SixOsTL.IntegrationTests", "tests\SixOsTL.IntegrationTests\SixOsTL.IntegrationTests.csproj", "{C290B1A2-8B3A-4B0E-A002-57F216CC7EC7}"
EndProject
Global
	GlobalSection(SolutionConfigurationPlatforms) = preSolution
		Debug|Any CPU = Debug|Any CPU
		Debug|x64 = Debug|x64
		Debug|x86 = Debug|x86
		Release|Any CPU = Release|Any CPU
		Release|x64 = Release|x64
		Release|x86 = Release|x86
	EndGlobalSection
	GlobalSection(ProjectConfigurationPlatforms) = postSolution
		{78164373-A2ED-452B-AE3E-6965981392A0}.Debug|Any CPU.ActiveCfg = Debug|Any CPU
		{78164373-A2ED-452B-AE3E-6965981392A0}.Debug|Any CPU.Build.0 = Debug|Any CPU
		{78164373-A2ED-452B-AE3E-6965981392A0}.Debug|x64.ActiveCfg = Debug|Any CPU
		{78164373-A2ED-452B-AE3E-6965981392A0}.Debug|x64.Build.0 = Debug|Any CPU
		{78164373-A2ED-452B-AE3E-6965981392A0}.Debug|x86.ActiveCfg = Debug|Any CPU
		{78164373-A2ED-452B-AE3E-6965981392A0}.Debug|x86.Build.0 = Debug|Any CPU
		{78164373-A2ED-452B-AE3E-6965981392A0}.Release|Any CPU.ActiveCfg = Release|Any CPU
		{78164373-A2ED-452B-AE3E-6965981392A0}.Release|Any CPU.Build.0 = Release|Any CPU
		{78164373-A2ED-452B-AE3E-6965981392A0}.Release|x64.ActiveCfg = Release|Any CPU
		{78164373-A2ED-452B-AE3E-6965981392A0}.Release|x64.Build.0 = Release|Any CPU
		{78164373-A2ED-452B-AE3E-6965981392A0}.Release|x86.ActiveCfg = Release|Any CPU
		{78164373-A2ED-452B-AE3E-6965981392A0}.Release|x86.Build.0 = Release|Any CPU
		{E077AABB-E4DA-4894-99AD-373C132BDA58}.Debug|Any CPU.ActiveCfg = Debug|Any CPU
		{E077AABB-E4DA-4894-99AD-373C132BDA58}.Debug|Any CPU.Build.0 = Debug|Any CPU
		{E077AABB-E4DA-4894-99AD-373C132BDA58}.Debug|x64.ActiveCfg = Debug|Any CPU
		{E077AABB-E4DA-4894-99AD-373C132BDA58}.Debug|x64.Build.0 = Debug|Any CPU
		{E077AABB-E4DA-4894-99AD-373C132BDA58}.Debug|x86.ActiveCfg = Debug|Any CPU
		{E077AABB-E4DA-4894-99AD-373C132BDA58}.Debug|x86.Build.0 = Debug|Any CPU
		{E077AABB-E4DA-4894-99AD-373C132BDA58}.Release|Any CPU.ActiveCfg = Release|Any CPU
		{E077AABB-E4DA-4894-99AD-373C132BDA58}.Release|Any CPU.Build.0 = Release|Any CPU
		{E077AABB-E4DA-4894-99AD-373C132BDA58}.Release|x64.ActiveCfg = Release|Any CPU
		{E077AABB-E4DA-4894-99AD-373C132BDA58}.Release|x64.Build.0 = Release|Any CPU
		{E077AABB-E4DA-4894-99AD-373C132BDA58}.Release|x86.ActiveCfg = Release|Any CPU
		{E077AABB-E4DA-4894-99AD-373C132BDA58}.Release|x86.Build.0 = Release|Any CPU
		{581E7FB4-9BB0-4A9A-B7F4-1C1F62409E9D}.Debug|Any CPU.ActiveCfg = Debug|Any CPU
		{581E7FB4-9BB0-4A9A-B7F4-1C1F62409E9D}.Debug|Any CPU.Build.0 = Debug|Any CPU
		{581E7FB4-9BB0-4A9A-B7F4-1C1F62409E9D}.Debug|x64.ActiveCfg = Debug|Any CPU
		{581E7FB4-9BB0-4A9A-B7F4-1C1F62409E9D}.Debug|x64.Build.0 = Debug|Any CPU
		{581E7FB4-9BB0-4A9A-B7F4-1C1F62409E9D}.Debug|x86.ActiveCfg = Debug|Any CPU
		{581E7FB4-9BB0-4A9A-B7F4-1C1F62409E9D}.Debug|x86.Build.0 = Debug|Any CPU
		{581E7FB4-9BB0-4A9A-B7F4-1C1F62409E9D}.Release|Any CPU.ActiveCfg = Release|Any CPU
		{581E7FB4-9BB0-4A9A-B7F4-1C1F62409E9D}.Release|Any CPU.Build.0 = Release|Any CPU
		{581E7FB4-9BB0-4A9A-B7F4-1C1F62409E9D}.Release|x64.ActiveCfg = Release|Any CPU
		{581E7FB4-9BB0-4A9A-B7F4-1C1F62409E9D}.Release|x64.Build.0 = Release|Any CPU
		{581E7FB4-9BB0-4A9A-B7F4-1C1F62409E9D}.Release|x86.ActiveCfg = Release|Any CPU
		{581E7FB4-9BB0-4A9A-B7F4-1C1F62409E9D}.Release|x86.Build.0 = Release|Any CPU
		{D7D8D48B-0E60-459C-8E8C-E1F6778E684F}.Debug|Any CPU.ActiveCfg = Debug|Any CPU
		{D7D8D48B-0E60-459C-8E8C-E1F6778E684F}.Debug|Any CPU.Build.0 = Debug|Any CPU
		{D7D8D48B-0E60-459C-8E8C-E1F6778E684F}.Debug|x64.ActiveCfg = Debug|Any CPU
		{D7D8D48B-0E60-459C-8E8C-E1F6778E684F}.Debug|x64.Build.0 = Debug|Any CPU
		{D7D8D48B-0E60-459C-8E8C-E1F6778E684F}.Debug|x86.ActiveCfg = Debug|Any CPU
		{D7D8D48B-0E60-459C-8E8C-E1F6778E684F}.Debug|x86.Build.0 = Debug|Any CPU
		{D7D8D48B-0E60-459C-8E8C-E1F6778E684F}.Release|Any CPU.ActiveCfg = Release|Any CPU
		{D7D8D48B-0E60-459C-8E8C-E1F6778E684F}.Release|Any CPU.Build.0 = Release|Any CPU
		{D7D8D48B-0E60-459C-8E8C-E1F6778E684F}.Release|x64.ActiveCfg = Release|Any CPU
		{D7D8D48B-0E60-459C-8E8C-E1F6778E684F}.Release|x64.Build.0 = Release|Any CPU
		{D7D8D48B-0E60-459C-8E8C-E1F6778E684F}.Release|x86.ActiveCfg = Release|Any CPU
		{D7D8D48B-0E60-459C-8E8C-E1F6778E684F}.Release|x86.Build.0 = Release|Any CPU
		{389F73F6-E5D1-4366-99F2-AEAE2F202B77}.Debug|Any CPU.ActiveCfg = Debug|Any CPU
		{389F73F6-E5D1-4366-99F2-AEAE2F202B77}.Debug|Any CPU.Build.0 = Debug|Any CPU
		{389F73F6-E5D1-4366-99F2-AEAE2F202B77}.Debug|x64.ActiveCfg = Debug|Any CPU
		{389F73F6-E5D1-4366-99F2-AEAE2F202B77}.Debug|x64.Build.0 = Debug|Any CPU
		{389F73F6-E5D1-4366-99F2-AEAE2F202B77}.Debug|x86.ActiveCfg = Debug|Any CPU
		{389F73F6-E5D1-4366-99F2-AEAE2F202B77}.Debug|x86.Build.0 = Debug|Any CPU
		{389F73F6-E5D1-4366-99F2-AEAE2F202B77}.Release|Any CPU.ActiveCfg = Release|Any CPU
		{389F73F6-E5D1-4366-99F2-AEAE2F202B77}.Release|Any CPU.Build.0 = Release|Any CPU
		{389F73F6-E5D1-4366-99F2-AEAE2F202B77}.Release|x64.ActiveCfg = Release|Any CPU
		{389F73F6-E5D1-4366-99F2-AEAE2F202B77}.Release|x64.Build.0 = Release|Any CPU
		{389F73F6-E5D1-4366-99F2-AEAE2F202B77}.Release|x86.ActiveCfg = Release|Any CPU
		{389F73F6-E5D1-4366-99F2-AEAE2F202B77}.Release|x86.Build.0 = Release|Any CPU
		{C290B1A2-8B3A-4B0E-A002-57F216CC7EC7}.Debug|Any CPU.ActiveCfg = Debug|Any CPU
		{C290B1A2-8B3A-4B0E-A002-57F216CC7EC7}.Debug|Any CPU.Build.0 = Debug|Any CPU
		{C290B1A2-8B3A-4B0E-A002-57F216CC7EC7}.Debug|x64.ActiveCfg = Debug|Any CPU
		{C290B1A2-8B3A-4B0E-A002-57F216CC7EC7}.Debug|x64.Build.0 = Debug|Any CPU
		{C290B1A2-8B3A-4B0E-A002-57F216CC7EC7}.Debug|x86.ActiveCfg = Debug|Any CPU
		{C290B1A2-8B3A-4B0E-A002-57F216CC7EC7}.Debug|x86.Build.0 = Debug|Any CPU
		{C290B1A2-8B3A-4B0E-A002-57F216CC7EC7}.Release|Any CPU.ActiveCfg = Release|Any CPU
		{C290B1A2-8B3A-4B0E-A002-57F216CC7EC7}.Release|Any CPU.Build.0 = Release|Any CPU
		{C290B1A2-8B3A-4B0E-A002-57F216CC7EC7}.Release|x64.ActiveCfg = Release|Any CPU
		{C290B1A2-8B3A-4B0E-A002-57F216CC7EC7}.Release|x64.Build.0 = Release|Any CPU
		{C290B1A2-8B3A-4B0E-A002-57F216CC7EC7}.Release|x86.ActiveCfg = Release|Any CPU
		{C290B1A2-8B3A-4B0E-A002-57F216CC7EC7}.Release|x86.Build.0 = Release|Any CPU
	EndGlobalSection
	GlobalSection(SolutionProperties) = preSolution
		HideSolutionNode = FALSE
	EndGlobalSection
	GlobalSection(NestedProjects) = preSolution
		{78164373-A2ED-452B-AE3E-6965981392A0} = {827E0CD3-B72D-47B6-A68D-7590B98EB39B}
		{E077AABB-E4DA-4894-99AD-373C132BDA58} = {827E0CD3-B72D-47B6-A68D-7590B98EB39B}
		{581E7FB4-9BB0-4A9A-B7F4-1C1F62409E9D} = {827E0CD3-B72D-47B6-A68D-7590B98EB39B}
		{D7D8D48B-0E60-459C-8E8C-E1F6778E684F} = {827E0CD3-B72D-47B6-A68D-7590B98EB39B}
		{389F73F6-E5D1-4366-99F2-AEAE2F202B77} = {0AB3BF05-4346-4AA6-1389-037BE0695223}
		{C290B1A2-8B3A-4B0E-A002-57F216CC7EC7} = {0AB3BF05-4346-4AA6-1389-037BE0695223}
	EndGlobalSection
EndGlobal
